
Microsoft Visual Studio Solution File, Format Version 12.00
# Visual Studio 15
VisualStudioVersion = 15.0.28010.2036
MinimumVisualStudioVersion = 10.0.40219.1
Project("{E24C65DC-7377-472B-9ABA-BC803B73C61A}") = "OnTourSMV", "OnTourSMV\", "{A113051F-C391-431C-B4C8-FA00406F43F1}"
	ProjectSection(WebsiteProperties) = preProject
		TargetFrameworkMoniker = ".NETFramework,Version%3Dv4.6.1"
		Debug.AspNetCompiler.VirtualPath = "/localhost_55824"
		Debug.AspNetCompiler.PhysicalPath = "OnTourSMV\"
		Debug.AspNetCompiler.TargetPath = "PrecompiledWeb\localhost_55824\"
		Debug.AspNetCompiler.Updateable = "true"
		Debug.AspNetCompiler.ForceOverwrite = "true"
		Debug.AspNetCompiler.FixedNames = "false"
		Debug.AspNetCompiler.Debug = "True"
		Release.AspNetCompiler.VirtualPath = "/localhost_55824"
		Release.AspNetCompiler.PhysicalPath = "OnTourSMV\"
		Release.AspNetCompiler.TargetPath = "PrecompiledWeb\localhost_55824\"
		Release.AspNetCompiler.Updateable = "true"
		Release.AspNetCompiler.ForceOverwrite = "true"
		Release.AspNetCompiler.FixedNames = "false"
		Release.AspNetCompiler.Debug = "False"
		VWDPort = "55824"
		SlnRelativePath = "OnTourSMV\"
		DefaultWebSiteLanguage = "Visual C#"
	EndProjectSection
EndProject
Global
	GlobalSection(SolutionConfigurationPlatforms) = preSolution
		Debug|Any CPU = Debug|Any CPU
	EndGlobalSection
	GlobalSection(ProjectConfigurationPlatforms) = postSolution
		{A113051F-C391-431C-B4C8-FA00406F43F1}.Debug|Any CPU.ActiveCfg = Debug|Any CPU
		{A113051F-C391-431C-B4C8-FA00406F43F1}.Debug|Any CPU.Build.0 = Debug|Any CPU
	EndGlobalSection
	GlobalSection(SolutionProperties) = preSolution
		HideSolutionNode = FALSE
	EndGlobalSection
	GlobalSection(ExtensibilityGlobals) = postSolution
		SolutionGuid = {F441C846-0FC4-4EAF-B91A-54FB28BC2F34}
	EndGlobalSection
EndGlobal
